// !$*UTF8*$!
{
	archiveVersion = 1;
	classes = {
	};
	objectVersion = 46;
	objects = {

/* Begin PBXBuildFile section */
		5F06CEC91D7A72AE00E55C54 /* main.m in Sources */ = {isa = PBXBuildFile; fileRef = 5F06CEC81D7A72AE00E55C54 /* main.m */; };
		5F06CECC1D7A72AE00E55C54 /* AppDelegate.m in Sources */ = {isa = PBXBuildFile; fileRef = 5F06CECB1D7A72AE00E55C54 /* AppDelegate.m */; };
		5F06CED41D7A72AE00E55C54 /* Assets.xcassets in Resources */ = {isa = PBXBuildFile; fileRef = 5F06CED31D7A72AE00E55C54 /* Assets.xcassets */; };
		5F06CED71D7A72AE00E55C54 /* LaunchScreen.storyboard in Resources */ = {isa = PBXBuildFile; fileRef = 5F06CED51D7A72AE00E55C54 /* LaunchScreen.storyboard */; };
		5F06CEE11D7A72E000E55C54 /* MainViewController.m in Sources */ = {isa = PBXBuildFile; fileRef = 5F06CEDF1D7A72E000E55C54 /* MainViewController.m */; };
		5F06CEE21D7A72E000E55C54 /* MainViewController.xib in Resources */ = {isa = PBXBuildFile; fileRef = 5F06CEE01D7A72E000E55C54 /* MainViewController.xib */; };
		5F06CEE61D7A74C500E55C54 /* MainCell.m in Sources */ = {isa = PBXBuildFile; fileRef = 5F06CEE41D7A74C500E55C54 /* MainCell.m */; };
		5F06CEE71D7A74C500E55C54 /* MainCell.xib in Resources */ = {isa = PBXBuildFile; fileRef = 5F06CEE51D7A74C500E55C54 /* MainCell.xib */; };
		5F06CEEA1D7A77F800E55C54 /* RWLabel.m in Sources */ = {isa = PBXBuildFile; fileRef = 5F06CEE91D7A77F800E55C54 /* RWLabel.m */; };
/* End PBXBuildFile section */

/* Begin PBXFileReference section */
		5F06CEC41D7A72AE00E55C54 /* TableAutoHight.app */ = {isa = PBXFileReference; explicitFileType = wrapper.application; includeInIndex = 0; path = TableAutoHight.app; sourceTree = BUILT_PRODUCTS_DIR; };
		5F06CEC81D7A72AE00E55C54 /* main.m */ = {isa = PBXFileReference; lastKnownFileType = sourcecode.c.objc; path = main.m; sourceTree = "<group>"; };
		5F06CECA1D7A72AE00E55C54 /* AppDelegate.h */ = {isa = PBXFileReference; lastKnownFileType = sourcecode.c.h; path = AppDelegate.h; sourceTree = "<group>"; };
		5F06CECB1D7A72AE00E55C54 /* AppDelegate.m */ = {isa = PBXFileReference; lastKnownFileType = sourcecode.c.objc; path = AppDelegate.m; sourceTree = "<group>"; };
		5F06CED31D7A72AE00E55C54 /* Assets.xcassets */ = {isa = PBXFileReference; lastKnownFileType = folder.assetcatalog; path = Assets.xcassets; sourceTree = "<group>"; };
		5F06CED61D7A72AE00E55C54 /* Base */ = {isa = PBXFileReference; lastKnownFileType = file.storyboard; name = Base; path = Base.lproj/LaunchScreen.storyboard; sourceTree = "<group>"; };
		5F06CED81D7A72AE00E55C54 /* Info.plist */ = {isa = PBXFileReference; lastKnownFileType = text.plist.xml; path = Info.plist; sourceTree = "<group>"; };
		5F06CEDE1D7A72E000E55C54 /* MainViewController.h */ = {isa = PBXFileReference; fileEncoding = 4; lastKnownFileType = sourcecode.c.h; path = MainViewController.h; sourceTree = "<group>"; };
		5F06CEDF1D7A72E000E55C54 /* MainViewController.m */ = {isa = PBXFileReference; fileEncoding = 4; lastKnownFileType = sourcecode.c.objc; path = MainViewController.m; sourceTree = "<group>"; };
		5F06CEE01D7A72E000E55C54 /* MainViewController.xib */ = {isa = PBXFileReference; fileEncoding = 4; lastKnownFileType = file.xib; path = MainViewController.xib; sourceTree = "<group>"; };
		5F06CEE31D7A74C500E55C54 /* MainCell.h */ = {isa = PBXFileReference; fileEncoding = 4; lastKnownFileType = sourcecode.c.h; path = MainCell.h; sourceTree = "<group>"; };
		5F06CEE41D7A74C500E55C54 /* MainCell.m */ = {isa = PBXFileReference; fileEncoding = 4; lastKnownFileType = sourcecode.c.objc; path = MainCell.m; sourceTree = "<group>"; };
		5F06CEE51D7A74C500E55C54 /* MainCell.xib */ = {isa = PBXFileReference; fileEncoding = 4; lastKnownFileType = file.xib; path = MainCell.xib; sourceTree = "<group>"; };
		5F06CEE81D7A77F800E55C54 /* RWLabel.h */ = {isa = PBXFileReference; fileEncoding = 4; lastKnownFileType = sourcecode.c.h; path = RWLabel.h; sourceTree = "<group>"; };
		5F06CEE91D7A77F800E55C54 /* RWLabel.m */ = {isa = PBXFileReference; fileEncoding = 4; lastKnownFileType = sourcecode.c.objc; path = RWLabel.m; sourceTree = "<group>"; };
/* End PBXFileReference section */

/* Begin PBXFrameworksBuildPhase section */
		5F06CEC11D7A72AE00E55C54 /* Frameworks */ = {
			isa = PBXFrameworksBuildPhase;
			buildActionMask = 2147483647;
			files = (
			);
			runOnlyForDeploymentPostprocessing = 0;
		};
/* End PBXFrameworksBuildPhase section */

/* Begin PBXGroup section */
		5F06CEBB1D7A72AE00E55C54 = {
			isa = PBXGroup;
			children = (
				5F06CEC61D7A72AE00E55C54 /* TableAutoHight */,
				5F06CEC51D7A72AE00E55C54 /* Products */,
			);
			sourceTree = "<group>";
		};
		5F06CEC51D7A72AE00E55C54 /* Products */ = {
			isa = PBXGroup;
			children = (
				5F06CEC41D7A72AE00E55C54 /* TableAutoHight.app */,
			);
			name = Products;
			sourceTree = "<group>";
		};
		5F06CEC61D7A72AE00E55C54 /* TableAutoHight */ = {
			isa = PBXGroup;
			children = (
				5F06CECA1D7A72AE00E55C54 /* AppDelegate.h */,
				5F06CECB1D7A72AE00E55C54 /* AppDelegate.m */,
				5F06CEDE1D7A72E000E55C54 /* MainViewController.h */,
				5F06CEDF1D7A72E000E55C54 /* MainViewController.m */,
				5F06CEE01D7A72E000E55C54 /* MainViewController.xib */,
				5F06CEE31D7A74C500E55C54 /* MainCell.h */,
				5F06CEE41D7A74C500E55C54 /* MainCell.m */,
				5F06CEE51D7A74C500E55C54 /* MainCell.xib */,
				5F06CEE81D7A77F800E55C54 /* RWLabel.h */,
				5F06CEE91D7A77F800E55C54 /* RWLabel.m */,
				5F06CED31D7A72AE00E55C54 /* Assets.xcassets */,
				5F06CED51D7A72AE00E55C54 /* LaunchScreen.storyboard */,
				5F06CED81D7A72AE00E55C54 /* Info.plist */,
				5F06CEC71D7A72AE00E55C54 /* Supporting Files */,
			);
			path = TableAutoHight;
			sourceTree = "<group>";
		};
		5F06CEC71D7A72AE00E55C54 /* Supporting Files */ = {
			isa = PBXGroup;
			children = (
				5F06CEC81D7A72AE00E55C54 /* main.m */,
			);
			name = "Supporting Files";
			sourceTree = "<group>";
		};
/* End PBXGroup section */

/* Begin PBXNativeTarget section */
		5F06CEC31D7A72AE00E55C54 /* TableAutoHight */ = {
			isa = PBXNativeTarget;
			buildConfigurationList = 5F06CEDB1D7A72AE00E55C54 /* Build configuration list for PBXNativeTarget "TableAutoHight" */;
			buildPhases = (
				5F06CEC01D7A72AE00E55C54 /* Sources */,
				5F06CEC11D7A72AE00E55C54 /* Frameworks */,
				5F06CEC21D7A72AE00E55C54 /* Resources */,
			);
			buildRules = (
			);
			dependencies = (
			);
			name = TableAutoHight;
			productName = TableAutoHight;
			productReference = 5F06CEC41D7A72AE00E55C54 /* TableAutoHight.app */;
			productType = "com.apple.product-type.application";
		};
/* End PBXNativeTarget section */

/* Begin PBXProject section */
		5F06CEBC1D7A72AE00E55C54 /* Project object */ = {
			isa = PBXProject;
			attributes = {
				LastUpgradeCheck = 0730;
				ORGANIZATIONNAME = echo;
				TargetAttributes = {
					5F06CEC31D7A72AE00E55C54 = {
						CreatedOnToolsVersion = 7.3.1;
					};
				};
			};
			buildConfigurationList = 5F06CEBF1D7A72AE00E55C54 /* Build configuration list for PBXProject "TableAutoHight" */;
			compatibilityVersion = "Xcode 3.2";
			developmentRegion = English;
			hasScannedForEncodings = 0;
			knownRegions = (
				en,
				Base,
			);
			mainGroup = 5F06CEBB1D7A72AE00E55C54;
			productRefGroup = 5F06CEC51D7A72AE00E55C54 /* Products */;
			projectDirPath = "";
			projectRoot = "";
			targets = (
				5F06CEC31D7A72AE00E55C54 /* TableAutoHight */,
			);
		};
/* End PBXProject section */

/* Begin PBXResourcesBuildPhase section */
		5F06CEC21D7A72AE00E55C54 /* Resources */ = {
			isa = PBXResourcesBuildPhase;
			buildActionMask = 2147483647;
			files = (
				5F06CED71D7A72AE00E55C54 /* LaunchScreen.storyboard in Resources */,
				5F06CEE21D7A72E000E55C54 /* MainViewController.xib in Resources */,
				5F06CEE71D7A74C500E55C54 /* MainCell.xib in Resources */,
				5F06CED41D7A72AE00E55C54 /* Assets.xcassets in Resources */,
			);
			runOnlyForDeploymentPostprocessing = 0;
		};
/* End PBXResourcesBuildPhase section */

/* Begin PBXSourcesBuildPhase section */
		5F06CEC01D7A72AE00E55C54 /* Sources */ = {
			isa = PBXSourcesBuildPhase;
			buildActionMask = 2147483647;
			files = (
				5F06CEEA1D7A77F800E55C54 /* RWLabel.m in Sources */,
				5F06CECC1D7A72AE00E55C54 /* AppDelegate.m in Sources */,
				5F06CEE11D7A72E000E55C54 /* MainViewController.m in Sources */,
				5F06CEE61D7A74C500E55C54 /* MainCell.m in Sources */,
				5F06CEC91D7A72AE00E55C54 /* main.m in Sources */,
			);
			runOnlyForDeploymentPostprocessing = 0;
		};
/* End PBXSourcesBuildPhase section */

/* Begin PBXVariantGroup section */
		5F06CED51D7A72AE00E55C54 /* LaunchScreen.storyboard */ = {
			isa = PBXVariantGroup;
			children = (
				5F06CED61D7A72AE00E55C54 /* Base */,
			);
			name = LaunchScreen.storyboard;
			sourceTree = "<group>";
		};
/* End PBXVariantGroup section */

/* Begin XCBuildConfiguration section */
		5F06CED91D7A72AE00E55C54 /* Debug */ = {
			isa = XCBuildConfiguration;
			buildSettings = {
				ALWAYS_SEARCH_USER_PATHS = NO;
				CLANG_ANALYZER_NONNULL = YES;
				CLANG_CXX_LANGUAGE_STANDARD = "gnu++0x";
				CLANG_CXX_LIBRARY = "libc++";
				CLANG_ENABLE_MODULES = YES;
				CLANG_ENABLE_OBJC_ARC = YES;
				CLANG_WARN_BOOL_CONVERSION = YES;
				CLANG_WARN_CONSTANT_CONVERSION = YES;
				CLANG_WARN_DIRECT_OBJC_ISA_USAGE = YES_ERROR;
				CLANG_WARN_EMPTY_BODY = YES;
				CLANG_WARN_ENUM_CONVERSION = YES;
				CLANG_WARN_INT_CONVERSION = YES;
				CLANG_WARN_OBJC_ROOT_CLASS = YES_ERROR;
				CLANG_WARN_UNREACHABLE_CODE = YES;
				CLANG_WARN__DUPLICATE_METHOD_MATCH = YES;
				"CODE_SIGN_IDENTITY[sdk=iphoneos*]" = "iPhone Developer";
				COPY_PHASE_STRIP = NO;
				DEBUG_INFORMATION_FORMAT = dwarf;
				ENABLE_STRICT_OBJC_MSGSEND = YES;
				ENABLE_TESTABILITY = YES;
				GCC_C_LANGUAGE_STANDARD = gnu99;
				GCC_DYNAMIC_NO_PIC = NO;
				GCC_NO_COMMON_BLOCKS = YES;
				GCC_OPTIMIZATION_LEVEL = 0;
				GCC_PREPROCESSOR_DEFINITIONS = (
					"DEBUG=1",
					"$(inherited)",
				);
				GCC_WARN_64_TO_32_BIT_CONVERSION = YES;
				GCC_WARN_ABOUT_RETURN_TYPE = YES_ERROR;
				GCC_WARN_UNDECLARED_SELECTOR = YES;
				GCC_WARN_UNINITIALIZED_AUTOS = YES_AGGRESSIVE;
				GCC_WARN_UNUSED_FUNCTION = YES;
				GCC_WARN_UNUSED_VARIABLE = YES;
				IPHONEOS_DEPLOYMENT_TARGET = 9.3;
				MTL_ENABLE_DEBUG_INFO = YES;
				ONLY_ACTIVE_ARCH = YES;
				SDKROOT = iphoneos;
			};
			name = Debug;
		};
		5F06CEDA1D7A72AE00E55C54 /* Release */ = {
			isa = XCBuildConfiguration;
			buildSettings = {
				ALWAYS_SEARCH_USER_PATHS = NO;
				CLANG_ANALYZER_NONNULL = YES;
				CLANG_CXX_LANGUAGE_STANDARD = "gnu++0x";
				CLANG_CXX_LIBRARY = "libc++";
				CLANG_ENABLE_MODULES = YES;
				CLANG_ENABLE_OBJC_ARC = YES;
				CLANG_WARN_BOOL_CONVERSION = YES;
				CLANG_WARN_CONSTANT_CONVERSION = YES;
				CLANG_WARN_DIRECT_OBJC_ISA_USAGE = YES_ERROR;
				CLANG_WARN_EMPTY_BODY = YES;
				CLANG_WARN_ENUM_CONVERSION = YES;
				CLANG_WARN_INT_CONVERSION = YES;
				CLANG_WARN_OBJC_ROOT_CLASS = YES_ERROR;
				CLANG_WARN_UNREACHABLE_CODE = YES;
				CLANG_WARN__DUPLICATE_METHOD_MATCH = YES;
				"CODE_SIGN_IDENTITY[sdk=iphoneos*]" = "iPhone Developer";
				COPY_PHASE_STRIP = NO;
				DEBUG_INFORMATION_FORMAT = "dwarf-with-dsym";
				ENABLE_NS_ASSERTIONS = NO;
				ENABLE_STRICT_OBJC_MSGSEND = YES;
				GCC_C_LANGUAGE_STANDARD = gnu99;
				GCC_NO_COMMON_BLOCKS = YES;
				GCC_WARN_64_TO_32_BIT_CONVERSION = YES;
				GCC_WARN_ABOUT_RETURN_TYPE = YES_ERROR;
				GCC_WARN_UNDECLARED_SELECTOR = YES;
				GCC_WARN_UNINITIALIZED_AUTOS = YES_AGGRESSIVE;
				GCC_WARN_UNUSED_FUNCTION = YES;
				GCC_WARN_UNUSED_VARIABLE = YES;
				IPHONEOS_DEPLOYMENT_TARGET = 9.3;
				MTL_ENABLE_DEBUG_INFO = NO;
				SDKROOT = iphoneos;
				VALIDATE_PRODUCT = YES;
			};
			name = Release;
		};
		5F06CEDC1D7A72AE00E55C54 /* Debug */ = {
			isa = XCBuildConfiguration;
			buildSettings = {
				ASSETCATALOG_COMPILER_APPICON_NAME = AppIcon;
				CODE_SIGN_IDENTITY = "iPhone Developer";
				INFOPLIST_FILE = TableAutoHight/Info.plist;
				LD_RUNPATH_SEARCH_PATHS = "$(inherited) @executable_path/Frameworks";
				PRODUCT_BUNDLE_IDENTIFIER = com.cn.TableAutoHight;
				PRODUCT_NAME = "$(TARGET_NAME)";
			};
			name = Debug;
		};
		5F06CEDD1D7A72AE00E55C54 /* Release */ = {
			isa = XCBuildConfiguration;
			buildSettings = {
				ASSETCATALOG_COMPILER_APPICON_NAME = AppIcon;
				CODE_SIGN_IDENTITY = "iPhone Developer";
				INFOPLIST_FILE = TableAutoHight/Info.plist;
				LD_RUNPATH_SEARCH_PATHS = "$(inherited) @executable_path/Frameworks";
				PRODUCT_BUNDLE_IDENTIFIER = com.cn.TableAutoHight;
				PRODUCT_NAME = "$(TARGET_NAME)";
			};
			name = Release;
		};
/* End XCBuildConfiguration section */

/* Begin XCConfigurationList section */
		5F06CEBF1D7A72AE00E55C54 /* Build configuration list for PBXProject "TableAutoHight" */ = {
			isa = XCConfigurationList;
			buildConfigurations = (
				5F06CED91D7A72AE00E55C54 /* Debug */,
				5F06CEDA1D7A72AE00E55C54 /* Release */,
			);
			defaultConfigurationIsVisible = 0;
			defaultConfigurationName = Release;
		};
		5F06CEDB1D7A72AE00E55C54 /* Build configuration list for PBXNativeTarget "TableAutoHight" */ = {
			isa = XCConfigurationList;
			buildConfigurations = (
				5F06CEDC1D7A72AE00E55C54 /* Debug */,
				5F06CEDD1D7A72AE00E55C54 /* Release */,
			);
			defaultConfigurationIsVisible = 0;
		};
/* End XCConfigurationList section */
	};
	rootObject = 5F06CEBC1D7A72AE00E55C54 /* Project object */;
}
